<?xml version="1.0" encoding="utf-8"?>
<Project ToolsVersion="4.0" xmlns="http://schemas.microsoft.com/developer/msbuild/2003">
  <ItemGroup>
    <Filter Include="ソース ファイル">
      <UniqueIdentifier>{4FC737F1-C7A5-4376-A066-2A32D752A2FF}</UniqueIdentifier>
      <Extensions>cpp;c;cc;cxx;c++;cppm;ixx;def;odl;idl;hpj;bat;asm;asmx</Extensions>
    </Filter>
    <Filter Include="ヘッダー ファイル">
      <UniqueIdentifier>{93995380-89BD-4b04-88EB-625FBE52EBFB}</UniqueIdentifier>
      <Extensions>h;hh;hpp;hxx;h++;hm;inl;inc;ipp;xsd</Extensions>
    </Filter>
    <Filter Include="リソース ファイル">
      <UniqueIdentifier>{67DA6AB6-F800-4c08-8B7A-83BB121AAD01}</UniqueIdentifier>
      <Extensions>rc;ico;cur;bmp;dlg;rc2;rct;bin;rgs;gif;jpg;jpeg;jpe;resx;tiff;tif;png;wav;mfcribbon-ms</Extensions>
    </Filter>
    <Filter Include="GameL">
      <UniqueIdentifier>{46972a9a-e4aa-472c-b96c-8bebb99c4358}</UniqueIdentifier>
    </Filter>
    <Filter Include="Block">
      <UniqueIdentifier>{93378ea5-7124-4a08-9990-003a7dd9dcfe}</UniqueIdentifier>
    </Filter>
  </ItemGroup>
  <ItemGroup>
    <ClCompile Include="GameL\Audio.cpp">
      <Filter>GameL</Filter>
    </ClCompile>
    <ClCompile Include="GameL\DirectXDevice.cpp">
      <Filter>GameL</Filter>
    </ClCompile>
    <ClCompile Include="GameL\Draw2DTex_Source.cpp">
      <Filter>GameL</Filter>
    </ClCompile>
    <ClCompile Include="GameL\DrawFont.cpp">
      <Filter>GameL</Filter>
    </ClCompile>
    <ClCompile Include="GameL\DrawTexture.cpp">
      <Filter>GameL</Filter>
    </ClCompile>
    <ClCompile Include="GameL\GameL_Main.cpp">
      <Filter>GameL</Filter>
    </ClCompile>
    <ClCompile Include="GameL\HitBoxManager.cpp">
      <Filter>GameL</Filter>
    </ClCompile>
    <ClCompile Include="GameL\MultiThread.cpp">
      <Filter>GameL</Filter>
    </ClCompile>
    <ClCompile Include="GameL\SceneManager.cpp">
      <Filter>GameL</Filter>
    </ClCompile>
    <ClCompile Include="GameL\SceneObjManager.cpp">
      <Filter>GameL</Filter>
    </ClCompile>
    <ClCompile Include="GameL\SetWindow.cpp">
      <Filter>GameL</Filter>
    </ClCompile>
    <ClCompile Include="GameL\UserData.cpp">
      <Filter>GameL</Filter>
    </ClCompile>
    <ClCompile Include="GameL\WinInputs.cpp">
      <Filter>GameL</Filter>
    </ClCompile>
    <ClCompile Include="CCounter.cpp">
      <Filter>ソース ファイル</Filter>
    </ClCompile>
    <ClCompile Include="Scenemain.cpp">
      <Filter>ソース ファイル</Filter>
    </ClCompile>
    <ClCompile Include="Function.cpp">
      <Filter>ソース ファイル</Filter>
    </ClCompile>
    <ClCompile Include="ObjBlock.cpp">
      <Filter>Block</Filter>
    </ClCompile>
    <ClCompile Include="ObjMino.cpp">
      <Filter>Block</Filter>
    </ClCompile>
    <ClCompile Include="ObjScore.cpp">
      <Filter>Block</Filter>
    </ClCompile>
    <ClCompile Include="CControllerInput.cpp">
      <Filter>GameL</Filter>
    </ClCompile>
    <ClCompile Include="ObjGuide.cpp">
      <Filter>Block</Filter>
    </ClCompile>
    <ClCompile Include="ObjRisingTimer.cpp">
      <Filter>Block</Filter>
    </ClCompile>
    <ClCompile Include="ObjFixedMinoSettings.cpp">
      <Filter>Block</Filter>
    </ClCompile>
    <ClCompile Include="Tetris.cpp">
      <Filter>Block</Filter>
    </ClCompile>
    <ClCompile Include="ObjPracticeOption.cpp">
      <Filter>Block</Filter>
    </ClCompile>
    <ClCompile Include="ObjPracticeOption.h">
      <Filter>Block</Filter>
    </ClCompile>
  </ItemGroup>
  <ItemGroup>
    <ClInclude Include="GameL\Audio.h">
      <Filter>GameL</Filter>
    </ClInclude>
    <ClInclude Include="GameL\DirectXDevice.h">
      <Filter>GameL</Filter>
    </ClInclude>
    <ClInclude Include="GameL\DrawFont.h">
      <Filter>GameL</Filter>
    </ClInclude>
    <ClInclude Include="GameL\DrawTexture.h">
      <Filter>GameL</Filter>
    </ClInclude>
    <ClInclude Include="GameL\HitBoxManager.h">
      <Filter>GameL</Filter>
    </ClInclude>
    <ClInclude Include="GameL\MultiThread.h">
      <Filter>GameL</Filter>
    </ClInclude>
    <ClInclude Include="GameL\SceneManager.h">
      <Filter>GameL</Filter>
    </ClInclude>
    <ClInclude Include="GameL\SceneObjManager.h">
      <Filter>GameL</Filter>
    </ClInclude>
    <ClInclude Include="GameL\SetWindow.h">
      <Filter>GameL</Filter>
    </ClInclude>
    <ClInclude Include="GameL\UserData.h">
      <Filter>GameL</Filter>
    </ClInclude>
    <ClInclude Include="GameL\WinInputs.h">
      <Filter>GameL</Filter>
    </ClInclude>
    <ClInclude Include="CCounter.h">
      <Filter>ソース ファイル</Filter>
    </ClInclude>
    <ClInclude Include="GameHead.h">
      <Filter>ソース ファイル</Filter>
    </ClInclude>
    <ClInclude Include="main.h">
      <Filter>ソース ファイル</Filter>
    </ClInclude>
    <ClInclude Include="SceneMain.h">
      <Filter>ソース ファイル</Filter>
    </ClInclude>
    <ClInclude Include="Function.h">
      <Filter>ソース ファイル</Filter>
    </ClInclude>
    <ClInclude Include="ObjBlock.h">
      <Filter>Block</Filter>
    </ClInclude>
    <ClInclude Include="ObjMino.h">
      <Filter>Block</Filter>
    </ClInclude>
    <ClInclude Include="Tetris.h">
      <Filter>Block</Filter>
    </ClInclude>
    <ClInclude Include="ObjScore.h">
      <Filter>Block</Filter>
    </ClInclude>
    <ClInclude Include="CControllerInput.h">
      <Filter>GameL</Filter>
    </ClInclude>
    <ClInclude Include="ObjGuide.h">
      <Filter>Block</Filter>
    </ClInclude>
    <ClInclude Include="ObjRisingTimer.h">
      <Filter>Block</Filter>
    </ClInclude>
    <ClInclude Include="ObjFixedMinoSettings.h">
      <Filter>Block</Filter>
    </ClInclude>
  </ItemGroup>
</Project>